// !$*UTF8*$!
{
	archiveVersion = 1;
	classes = {
	};
	objectVersion = 50;
	objects = {

/* Begin PBXBuildFile section */
		692EE9F566327490ABCC9482 /* Pods_mailinglist.framework in Frameworks */ = {isa = PBXBuildFile; fileRef = 446105BF79D286D24DCB3772 /* Pods_mailinglist.framework */; };
		C7AA3DEF20D6F43800A44D7E /* AppDelegate.swift in Sources */ = {isa = PBXBuildFile; fileRef = C7AA3DEE20D6F43800A44D7E /* AppDelegate.swift */; };
		C7AA3DF420D6F43800A44D7E /* Main.storyboard in Resources */ = {isa = PBXBuildFile; fileRef = C7AA3DF220D6F43800A44D7E /* Main.storyboard */; };
		C7AA3DF720D6F43800A44D7E /* mailinglist.xcdatamodeld in Sources */ = {isa = PBXBuildFile; fileRef = C7AA3DF520D6F43800A44D7E /* mailinglist.xcdatamodeld */; };
		C7AA3DF920D6F43B00A44D7E /* Assets.xcassets in Resources */ = {isa = PBXBuildFile; fileRef = C7AA3DF820D6F43B00A44D7E /* Assets.xcassets */; };
		C7AA3DFC20D6F43B00A44D7E /* LaunchScreen.storyboard in Resources */ = {isa = PBXBuildFile; fileRef = C7AA3DFA20D6F43B00A44D7E /* LaunchScreen.storyboard */; };
		C7AA3E0420D6F60500A44D7E /* LoginViewController.swift in Sources */ = {isa = PBXBuildFile; fileRef = C7AA3E0320D6F60500A44D7E /* LoginViewController.swift */; };
		C7AA3E0B20D742A100A44D7E /* LoginPresenter.swift in Sources */ = {isa = PBXBuildFile; fileRef = C7AA3E0A20D742A100A44D7E /* LoginPresenter.swift */; };
		C7AA3E0D20D7443500A44D7E /* LoginContract.swift in Sources */ = {isa = PBXBuildFile; fileRef = C7AA3E0C20D7443500A44D7E /* LoginContract.swift */; };
		C7AA3E0F20D74BFF00A44D7E /* GetAuth.swift in Sources */ = {isa = PBXBuildFile; fileRef = C7AA3E0E20D74BFF00A44D7E /* GetAuth.swift */; };
		C7AA3E1A20D75C8300A44D7E /* Auth.swift in Sources */ = {isa = PBXBuildFile; fileRef = C7AA3E1920D75C8300A44D7E /* Auth.swift */; };
		C7AA3E1C20D75CE800A44D7E /* LoginRemoteRepositoryImpl.swift in Sources */ = {isa = PBXBuildFile; fileRef = C7AA3E1B20D75CE800A44D7E /* LoginRemoteRepositoryImpl.swift */; };
		C7AA3E1E20D75E7900A44D7E /* Constants.swift in Sources */ = {isa = PBXBuildFile; fileRef = C7AA3E1D20D75E7900A44D7E /* Constants.swift */; };
		C7BC0F8920D9EC8D00F70BE2 /* ViewController+CoreData.swift in Sources */ = {isa = PBXBuildFile; fileRef = C7BC0F8820D9EC8D00F70BE2 /* ViewController+CoreData.swift */; };
		C7BC0F8F20D9EEE300F70BE2 /* SaveUser.swift in Sources */ = {isa = PBXBuildFile; fileRef = C7BC0F8E20D9EEE300F70BE2 /* SaveUser.swift */; };
		C7BC0F9220D9EF3200F70BE2 /* UserLocalRepository.swift in Sources */ = {isa = PBXBuildFile; fileRef = C7BC0F9120D9EF3200F70BE2 /* UserLocalRepository.swift */; };
		C7BC0F9420D9EF7400F70BE2 /* UserLocalRepositoryImpl.swift in Sources */ = {isa = PBXBuildFile; fileRef = C7BC0F9320D9EF7400F70BE2 /* UserLocalRepositoryImpl.swift */; };
		C7BC0F9620D9F59F00F70BE2 /* InjectionLocalRepository.swift in Sources */ = {isa = PBXBuildFile; fileRef = C7BC0F9520D9F59F00F70BE2 /* InjectionLocalRepository.swift */; };
		C7BC0F9820DA09E000F70BE2 /* GetUser.swift in Sources */ = {isa = PBXBuildFile; fileRef = C7BC0F9720DA09E000F70BE2 /* GetUser.swift */; };
		C7BC0F9C20DB2F9D00F70BE2 /* RoleTableViewController.swift in Sources */ = {isa = PBXBuildFile; fileRef = C7BC0F9B20DB2F9D00F70BE2 /* RoleTableViewController.swift */; };
		C7BC0F9E20DB2FC400F70BE2 /* GetRoles.swift in Sources */ = {isa = PBXBuildFile; fileRef = C7BC0F9D20DB2FC400F70BE2 /* GetRoles.swift */; };
		C7BC0FA120DB303F00F70BE2 /* RoleRemoteRepository.swift in Sources */ = {isa = PBXBuildFile; fileRef = C7BC0FA020DB303F00F70BE2 /* RoleRemoteRepository.swift */; };
		C7BC0FA320DB319400F70BE2 /* Role.swift in Sources */ = {isa = PBXBuildFile; fileRef = C7BC0FA220DB319400F70BE2 /* Role.swift */; };
		C7BC0FA520DB37DF00F70BE2 /* RoleRemoteRepositoryImpl.swift in Sources */ = {isa = PBXBuildFile; fileRef = C7BC0FA420DB37DF00F70BE2 /* RoleRemoteRepositoryImpl.swift */; };
		C7BC0FA720DB453D00F70BE2 /* RoleContract.swift in Sources */ = {isa = PBXBuildFile; fileRef = C7BC0FA620DB453D00F70BE2 /* RoleContract.swift */; };
		C7BC0FA920DB4DF900F70BE2 /* RolePresenter.swift in Sources */ = {isa = PBXBuildFile; fileRef = C7BC0FA820DB4DF900F70BE2 /* RolePresenter.swift */; };
		C7BC0FAE20DC7E7A00F70BE2 /* RolesResponse.swift in Sources */ = {isa = PBXBuildFile; fileRef = C7BC0FAD20DC7E7A00F70BE2 /* RolesResponse.swift */; };
		C7BC0FB120DC8DBB00F70BE2 /* WeatherResponse.swift in Sources */ = {isa = PBXBuildFile; fileRef = C7BC0FB020DC8DBB00F70BE2 /* WeatherResponse.swift */; };
		C7BC0FB520DCA78000F70BE2 /* RoleResponse.swift in Sources */ = {isa = PBXBuildFile; fileRef = C7BC0FB420DCA78000F70BE2 /* RoleResponse.swift */; };
		C7BC0FB720DDBC6C00F70BE2 /* saveRole.swift in Sources */ = {isa = PBXBuildFile; fileRef = C7BC0FB620DDBC6C00F70BE2 /* saveRole.swift */; };
		F401E75620D96B52006D5047 /* InjectionUseCase.swift in Sources */ = {isa = PBXBuildFile; fileRef = F401E75520D96B52006D5047 /* InjectionUseCase.swift */; };
		F401E75820D96C6B006D5047 /* InjectionRemoteRepository.swift in Sources */ = {isa = PBXBuildFile; fileRef = F401E75720D96C6B006D5047 /* InjectionRemoteRepository.swift */; };
		F401E75E20D973C9006D5047 /* LoginRemoteRepository.swift in Sources */ = {isa = PBXBuildFile; fileRef = F401E75D20D973C9006D5047 /* LoginRemoteRepository.swift */; };
/* End PBXBuildFile section */

/* Begin PBXFileReference section */
		446105BF79D286D24DCB3772 /* Pods_mailinglist.framework */ = {isa = PBXFileReference; explicitFileType = wrapper.framework; includeInIndex = 0; path = Pods_mailinglist.framework; sourceTree = BUILT_PRODUCTS_DIR; };
		7150690E9EFFEF62448AA51D /* Pods-mailinglist.debug.xcconfig */ = {isa = PBXFileReference; includeInIndex = 1; lastKnownFileType = text.xcconfig; name = "Pods-mailinglist.debug.xcconfig"; path = "Pods/Target Support Files/Pods-mailinglist/Pods-mailinglist.debug.xcconfig"; sourceTree = "<group>"; };
		C7AA3DEB20D6F43800A44D7E /* mailinglist.app */ = {isa = PBXFileReference; explicitFileType = wrapper.application; includeInIndex = 0; path = mailinglist.app; sourceTree = BUILT_PRODUCTS_DIR; };
		C7AA3DEE20D6F43800A44D7E /* AppDelegate.swift */ = {isa = PBXFileReference; lastKnownFileType = sourcecode.swift; path = AppDelegate.swift; sourceTree = "<group>"; };
		C7AA3DF320D6F43800A44D7E /* Base */ = {isa = PBXFileReference; lastKnownFileType = file.storyboard; name = Base; path = Base.lproj/Main.storyboard; sourceTree = "<group>"; };
		C7AA3DF620D6F43800A44D7E /* mailinglist.xcdatamodel */ = {isa = PBXFileReference; lastKnownFileType = wrapper.xcdatamodel; path = mailinglist.xcdatamodel; sourceTree = "<group>"; };
		C7AA3DF820D6F43B00A44D7E /* Assets.xcassets */ = {isa = PBXFileReference; lastKnownFileType = folder.assetcatalog; path = Assets.xcassets; sourceTree = "<group>"; };
		C7AA3DFB20D6F43B00A44D7E /* Base */ = {isa = PBXFileReference; lastKnownFileType = file.storyboard; name = Base; path = Base.lproj/LaunchScreen.storyboard; sourceTree = "<group>"; };
		C7AA3DFD20D6F43B00A44D7E /* Info.plist */ = {isa = PBXFileReference; lastKnownFileType = text.plist.xml; path = Info.plist; sourceTree = "<group>"; };
		C7AA3E0320D6F60500A44D7E /* LoginViewController.swift */ = {isa = PBXFileReference; lastKnownFileType = sourcecode.swift; path = LoginViewController.swift; sourceTree = "<group>"; };
		C7AA3E0A20D742A100A44D7E /* LoginPresenter.swift */ = {isa = PBXFileReference; lastKnownFileType = sourcecode.swift; path = LoginPresenter.swift; sourceTree = "<group>"; };
		C7AA3E0C20D7443500A44D7E /* LoginContract.swift */ = {isa = PBXFileReference; lastKnownFileType = sourcecode.swift; path = LoginContract.swift; sourceTree = "<group>"; };
		C7AA3E0E20D74BFF00A44D7E /* GetAuth.swift */ = {isa = PBXFileReference; lastKnownFileType = sourcecode.swift; path = GetAuth.swift; sourceTree = "<group>"; };
		C7AA3E1920D75C8300A44D7E /* Auth.swift */ = {isa = PBXFileReference; lastKnownFileType = sourcecode.swift; path = Auth.swift; sourceTree = "<group>"; };
		C7AA3E1B20D75CE800A44D7E /* LoginRemoteRepositoryImpl.swift */ = {isa = PBXFileReference; lastKnownFileType = sourcecode.swift; path = LoginRemoteRepositoryImpl.swift; sourceTree = "<group>"; };
		C7AA3E1D20D75E7900A44D7E /* Constants.swift */ = {isa = PBXFileReference; lastKnownFileType = sourcecode.swift; path = Constants.swift; sourceTree = "<group>"; };
		C7BC0F8820D9EC8D00F70BE2 /* ViewController+CoreData.swift */ = {isa = PBXFileReference; lastKnownFileType = sourcecode.swift; path = "ViewController+CoreData.swift"; sourceTree = "<group>"; };
		C7BC0F8E20D9EEE300F70BE2 /* SaveUser.swift */ = {isa = PBXFileReference; lastKnownFileType = sourcecode.swift; path = SaveUser.swift; sourceTree = "<group>"; };
		C7BC0F9120D9EF3200F70BE2 /* UserLocalRepository.swift */ = {isa = PBXFileReference; lastKnownFileType = sourcecode.swift; path = UserLocalRepository.swift; sourceTree = "<group>"; };
		C7BC0F9320D9EF7400F70BE2 /* UserLocalRepositoryImpl.swift */ = {isa = PBXFileReference; lastKnownFileType = sourcecode.swift; path = UserLocalRepositoryImpl.swift; sourceTree = "<group>"; };
		C7BC0F9520D9F59F00F70BE2 /* InjectionLocalRepository.swift */ = {isa = PBXFileReference; lastKnownFileType = sourcecode.swift; path = InjectionLocalRepository.swift; sourceTree = "<group>"; };
		C7BC0F9720DA09E000F70BE2 /* GetUser.swift */ = {isa = PBXFileReference; lastKnownFileType = sourcecode.swift; path = GetUser.swift; sourceTree = "<group>"; };
		C7BC0F9B20DB2F9D00F70BE2 /* RoleTableViewController.swift */ = {isa = PBXFileReference; lastKnownFileType = sourcecode.swift; path = RoleTableViewController.swift; sourceTree = "<group>"; };
		C7BC0F9D20DB2FC400F70BE2 /* GetRoles.swift */ = {isa = PBXFileReference; lastKnownFileType = sourcecode.swift; path = GetRoles.swift; sourceTree = "<group>"; };
		C7BC0FA020DB303F00F70BE2 /* RoleRemoteRepository.swift */ = {isa = PBXFileReference; lastKnownFileType = sourcecode.swift; path = RoleRemoteRepository.swift; sourceTree = "<group>"; };
		C7BC0FA220DB319400F70BE2 /* Role.swift */ = {isa = PBXFileReference; lastKnownFileType = sourcecode.swift; path = Role.swift; sourceTree = "<group>"; };
		C7BC0FA420DB37DF00F70BE2 /* RoleRemoteRepositoryImpl.swift */ = {isa = PBXFileReference; lastKnownFileType = sourcecode.swift; path = RoleRemoteRepositoryImpl.swift; sourceTree = "<group>"; };
		C7BC0FA620DB453D00F70BE2 /* RoleContract.swift */ = {isa = PBXFileReference; lastKnownFileType = sourcecode.swift; path = RoleContract.swift; sourceTree = "<group>"; };
		C7BC0FA820DB4DF900F70BE2 /* RolePresenter.swift */ = {isa = PBXFileReference; lastKnownFileType = sourcecode.swift; path = RolePresenter.swift; sourceTree = "<group>"; };
		C7BC0FAD20DC7E7A00F70BE2 /* RolesResponse.swift */ = {isa = PBXFileReference; lastKnownFileType = sourcecode.swift; path = RolesResponse.swift; sourceTree = "<group>"; };
		C7BC0FB020DC8DBB00F70BE2 /* WeatherResponse.swift */ = {isa = PBXFileReference; lastKnownFileType = sourcecode.swift; path = WeatherResponse.swift; sourceTree = "<group>"; };
		C7BC0FB420DCA78000F70BE2 /* RoleResponse.swift */ = {isa = PBXFileReference; lastKnownFileType = sourcecode.swift; path = RoleResponse.swift; sourceTree = "<group>"; };
		C7BC0FB620DDBC6C00F70BE2 /* saveRole.swift */ = {isa = PBXFileReference; lastKnownFileType = sourcecode.swift; path = saveRole.swift; sourceTree = "<group>"; };
		D0EAD410BA1E024D31E0D552 /* Pods-mailinglist.release.xcconfig */ = {isa = PBXFileReference; includeInIndex = 1; lastKnownFileType = text.xcconfig; name = "Pods-mailinglist.release.xcconfig"; path = "Pods/Target Support Files/Pods-mailinglist/Pods-mailinglist.release.xcconfig"; sourceTree = "<group>"; };
		F401E75520D96B52006D5047 /* InjectionUseCase.swift */ = {isa = PBXFileReference; lastKnownFileType = sourcecode.swift; path = InjectionUseCase.swift; sourceTree = "<group>"; };
		F401E75720D96C6B006D5047 /* InjectionRemoteRepository.swift */ = {isa = PBXFileReference; lastKnownFileType = sourcecode.swift; path = InjectionRemoteRepository.swift; sourceTree = "<group>"; };
		F401E75D20D973C9006D5047 /* LoginRemoteRepository.swift */ = {isa = PBXFileReference; lastKnownFileType = sourcecode.swift; path = LoginRemoteRepository.swift; sourceTree = "<group>"; };
/* End PBXFileReference section */

/* Begin PBXFrameworksBuildPhase section */
		C7AA3DE820D6F43800A44D7E /* Frameworks */ = {
			isa = PBXFrameworksBuildPhase;
			buildActionMask = 2147483647;
			files = (
				692EE9F566327490ABCC9482 /* Pods_mailinglist.framework in Frameworks */,
			);
			runOnlyForDeploymentPostprocessing = 0;
		};
/* End PBXFrameworksBuildPhase section */

/* Begin PBXGroup section */
		54E55525C1728BDC60EA3E2D /* Pods */ = {
			isa = PBXGroup;
			children = (
				7150690E9EFFEF62448AA51D /* Pods-mailinglist.debug.xcconfig */,
				D0EAD410BA1E024D31E0D552 /* Pods-mailinglist.release.xcconfig */,
			);
			name = Pods;
			sourceTree = "<group>";
		};
		C2E72CC096D5325CEA86D36A /* Frameworks */ = {
			isa = PBXGroup;
			children = (
				446105BF79D286D24DCB3772 /* Pods_mailinglist.framework */,
			);
			name = Frameworks;
			sourceTree = "<group>";
		};
		C7AA3DE220D6F43800A44D7E = {
			isa = PBXGroup;
			children = (
				C7AA3DED20D6F43800A44D7E /* mailinglist */,
				C7AA3DEC20D6F43800A44D7E /* Products */,
				54E55525C1728BDC60EA3E2D /* Pods */,
				C2E72CC096D5325CEA86D36A /* Frameworks */,
			);
			sourceTree = "<group>";
		};
		C7AA3DEC20D6F43800A44D7E /* Products */ = {
			isa = PBXGroup;
			children = (
				C7AA3DEB20D6F43800A44D7E /* mailinglist.app */,
			);
			name = Products;
			sourceTree = "<group>";
		};
		C7AA3DED20D6F43800A44D7E /* mailinglist */ = {
			isa = PBXGroup;
			children = (
				C7AA3E0920D7420800A44D7E /* login */,
				C7BC0F9920DB2F6A00F70BE2 /* role */,
				C7BC0F8C20D9EEB500F70BE2 /* user */,
				C7BC0FAA20DC6E5400F70BE2 /* responses */,
				F401E75B20D9730D006D5047 /* repositories */,
				C7AA3E1820D75C7900A44D7E /* models */,
				F401E75420D96B3B006D5047 /* injections */,
				C7AA3DEE20D6F43800A44D7E /* AppDelegate.swift */,
				C7AA3DF220D6F43800A44D7E /* Main.storyboard */,
				C7AA3DF820D6F43B00A44D7E /* Assets.xcassets */,
				C7AA3DFA20D6F43B00A44D7E /* LaunchScreen.storyboard */,
				C7AA3DFD20D6F43B00A44D7E /* Info.plist */,
				C7AA3DF520D6F43800A44D7E /* mailinglist.xcdatamodeld */,
				C7AA3E1D20D75E7900A44D7E /* Constants.swift */,
				C7BC0F8820D9EC8D00F70BE2 /* ViewController+CoreData.swift */,
			);
			path = mailinglist;
			sourceTree = "<group>";
		};
		C7AA3E0920D7420800A44D7E /* login */ = {
			isa = PBXGroup;
			children = (
				C7AA3E1020D74D1B00A44D7E /* usecases */,
				C7AA3E0320D6F60500A44D7E /* LoginViewController.swift */,
				C7AA3E0A20D742A100A44D7E /* LoginPresenter.swift */,
				C7AA3E0C20D7443500A44D7E /* LoginContract.swift */,
			);
			path = login;
			sourceTree = "<group>";
		};
		C7AA3E1020D74D1B00A44D7E /* usecases */ = {
			isa = PBXGroup;
			children = (
				C7AA3E0E20D74BFF00A44D7E /* GetAuth.swift */,
			);
			path = usecases;
			sourceTree = "<group>";
		};
		C7AA3E1820D75C7900A44D7E /* models */ = {
			isa = PBXGroup;
			children = (
				C7AA3E1920D75C8300A44D7E /* Auth.swift */,
				C7BC0FA220DB319400F70BE2 /* Role.swift */,
				C7BC0FB020DC8DBB00F70BE2 /* WeatherResponse.swift */,
			);
			path = models;
			sourceTree = "<group>";
		};
		C7BC0F8A20D9EE5900F70BE2 /* remote */ = {
			isa = PBXGroup;
			children = (
				C7BC0F9F20DB2FF100F70BE2 /* role */,
				F401E75C20D9731E006D5047 /* login */,
			);
			path = remote;
			sourceTree = "<group>";
		};
		C7BC0F8B20D9EE6200F70BE2 /* local */ = {
			isa = PBXGroup;
			children = (
				C7BC0F9020D9EF1A00F70BE2 /* user */,
			);
			path = local;
			sourceTree = "<group>";
		};
		C7BC0F8C20D9EEB500F70BE2 /* user */ = {
			isa = PBXGroup;
			children = (
				C7BC0F8D20D9EECA00F70BE2 /* usecase */,
			);
			path = user;
			sourceTree = "<group>";
		};
		C7BC0F8D20D9EECA00F70BE2 /* usecase */ = {
			isa = PBXGroup;
			children = (
				C7BC0F8E20D9EEE300F70BE2 /* SaveUser.swift */,
				C7BC0F9720DA09E000F70BE2 /* GetUser.swift */,
			);
			path = usecase;
			sourceTree = "<group>";
		};
		C7BC0F9020D9EF1A00F70BE2 /* user */ = {
			isa = PBXGroup;
			children = (
				C7BC0F9120D9EF3200F70BE2 /* UserLocalRepository.swift */,
				C7BC0F9320D9EF7400F70BE2 /* UserLocalRepositoryImpl.swift */,
			);
			path = user;
			sourceTree = "<group>";
		};
		C7BC0F9920DB2F6A00F70BE2 /* role */ = {
			isa = PBXGroup;
			children = (
				C7BC0F9A20DB2F8000F70BE2 /* usecases */,
				C7BC0F9B20DB2F9D00F70BE2 /* RoleTableViewController.swift */,
				C7BC0FA620DB453D00F70BE2 /* RoleContract.swift */,
				C7BC0FA820DB4DF900F70BE2 /* RolePresenter.swift */,
			);
			path = role;
			sourceTree = "<group>";
		};
		C7BC0F9A20DB2F8000F70BE2 /* usecases */ = {
			isa = PBXGroup;
			children = (
				C7BC0F9D20DB2FC400F70BE2 /* GetRoles.swift */,
				C7BC0FB620DDBC6C00F70BE2 /* saveRole.swift */,
			);
			path = usecases;
			sourceTree = "<group>";
		};
		C7BC0F9F20DB2FF100F70BE2 /* role */ = {
			isa = PBXGroup;
			children = (
				C7BC0FA020DB303F00F70BE2 /* RoleRemoteRepository.swift */,
				C7BC0FA420DB37DF00F70BE2 /* RoleRemoteRepositoryImpl.swift */,
			);
			path = role;
			sourceTree = "<group>";
		};
		C7BC0FAA20DC6E5400F70BE2 /* responses */ = {
			isa = PBXGroup;
			children = (
				C7BC0FAF20DC7EDB00F70BE2 /* role */,
			);
			path = responses;
			sourceTree = "<group>";
		};
		C7BC0FAF20DC7EDB00F70BE2 /* role */ = {
			isa = PBXGroup;
			children = (
				C7BC0FAD20DC7E7A00F70BE2 /* RolesResponse.swift */,
				C7BC0FB420DCA78000F70BE2 /* RoleResponse.swift */,
			);
			path = role;
			sourceTree = "<group>";
		};
		F401E75420D96B3B006D5047 /* injections */ = {
			isa = PBXGroup;
			children = (
				F401E75520D96B52006D5047 /* InjectionUseCase.swift */,
				F401E75720D96C6B006D5047 /* InjectionRemoteRepository.swift */,
				C7BC0F9520D9F59F00F70BE2 /* InjectionLocalRepository.swift */,
			);
			path = injections;
			sourceTree = "<group>";
		};
		F401E75B20D9730D006D5047 /* repositories */ = {
			isa = PBXGroup;
			children = (
				C7BC0F8B20D9EE6200F70BE2 /* local */,
				C7BC0F8A20D9EE5900F70BE2 /* remote */,
			);
			path = repositories;
			sourceTree = "<group>";
		};
		F401E75C20D9731E006D5047 /* login */ = {
			isa = PBXGroup;
			children = (
				C7AA3E1B20D75CE800A44D7E /* LoginRemoteRepositoryImpl.swift */,
				F401E75D20D973C9006D5047 /* LoginRemoteRepository.swift */,
			);
			path = login;
			sourceTree = "<group>";
		};
/* End PBXGroup section */

/* Begin PBXNativeTarget section */
		C7AA3DEA20D6F43800A44D7E /* mailinglist */ = {
			isa = PBXNativeTarget;
			buildConfigurationList = C7AA3E0020D6F43B00A44D7E /* Build configuration list for PBXNativeTarget "mailinglist" */;
			buildPhases = (
				14408760FC1B1F6BA6F05A05 /* [CP] Check Pods Manifest.lock */,
				C7AA3DE720D6F43800A44D7E /* Sources */,
				C7AA3DE820D6F43800A44D7E /* Frameworks */,
				C7AA3DE920D6F43800A44D7E /* Resources */,
				5648D7B6A98E1A9AC52A61A4 /* [CP] Embed Pods Frameworks */,
			);
			buildRules = (
			);
			dependencies = (
			);
			name = mailinglist;
			productName = mailinglist;
			productReference = C7AA3DEB20D6F43800A44D7E /* mailinglist.app */;
			productType = "com.apple.product-type.application";
		};
/* End PBXNativeTarget section */

/* Begin PBXProject section */
		C7AA3DE320D6F43800A44D7E /* Project object */ = {
			isa = PBXProject;
			attributes = {
				LastSwiftUpdateCheck = 0930;
				LastUpgradeCheck = 0930;
				ORGANIZATIONNAME = angelorobson;
				TargetAttributes = {
					C7AA3DEA20D6F43800A44D7E = {
						CreatedOnToolsVersion = 9.3.1;
					};
				};
			};
			buildConfigurationList = C7AA3DE620D6F43800A44D7E /* Build configuration list for PBXProject "mailinglist" */;
			compatibilityVersion = "Xcode 9.3";
			developmentRegion = en;
			hasScannedForEncodings = 0;
			knownRegions = (
				en,
				Base,
			);
			mainGroup = C7AA3DE220D6F43800A44D7E;
			productRefGroup = C7AA3DEC20D6F43800A44D7E /* Products */;
			projectDirPath = "";
			projectRoot = "";
			targets = (
				C7AA3DEA20D6F43800A44D7E /* mailinglist */,
			);
		};
/* End PBXProject section */

/* Begin PBXResourcesBuildPhase section */
		C7AA3DE920D6F43800A44D7E /* Resources */ = {
			isa = PBXResourcesBuildPhase;
			buildActionMask = 2147483647;
			files = (
				C7AA3DFC20D6F43B00A44D7E /* LaunchScreen.storyboard in Resources */,
				C7AA3DF920D6F43B00A44D7E /* Assets.xcassets in Resources */,
				C7AA3DF420D6F43800A44D7E /* Main.storyboard in Resources */,
			);
			runOnlyForDeploymentPostprocessing = 0;
		};
/* End PBXResourcesBuildPhase section */

/* Begin PBXShellScriptBuildPhase section */
		14408760FC1B1F6BA6F05A05 /* [CP] Check Pods Manifest.lock */ = {
			isa = PBXShellScriptBuildPhase;
			buildActionMask = 2147483647;
			files = (
			);
			inputPaths = (
				"${PODS_PODFILE_DIR_PATH}/Podfile.lock",
				"${PODS_ROOT}/Manifest.lock",
			);
			name = "[CP] Check Pods Manifest.lock";
			outputPaths = (
				"$(DERIVED_FILE_DIR)/Pods-mailinglist-checkManifestLockResult.txt",
			);
			runOnlyForDeploymentPostprocessing = 0;
			shellPath = /bin/sh;
			shellScript = "diff \"${PODS_PODFILE_DIR_PATH}/Podfile.lock\" \"${PODS_ROOT}/Manifest.lock\" > /dev/null\nif [ $? != 0 ] ; then\n    # print error to STDERR\n    echo \"error: The sandbox is not in sync with the Podfile.lock. Run 'pod install' or update your CocoaPods installation.\" >&2\n    exit 1\nfi\n# This output is used by Xcode 'outputs' to avoid re-running this script phase.\necho \"SUCCESS\" > \"${SCRIPT_OUTPUT_FILE_0}\"\n";
			showEnvVarsInLog = 0;
		};
		5648D7B6A98E1A9AC52A61A4 /* [CP] Embed Pods Frameworks */ = {
			isa = PBXShellScriptBuildPhase;
			buildActionMask = 2147483647;
			files = (
			);
			inputPaths = (
				"${SRCROOT}/Pods/Target Support Files/Pods-mailinglist/Pods-mailinglist-frameworks.sh",
				"${BUILT_PRODUCTS_DIR}/Alamofire/Alamofire.framework",
				"${BUILT_PRODUCTS_DIR}/AlamofireObjectMapper/AlamofireObjectMapper.framework",
				"${BUILT_PRODUCTS_DIR}/JWTDecode/JWTDecode.framework",
				"${BUILT_PRODUCTS_DIR}/ObjectMapper/ObjectMapper.framework",
				"${BUILT_PRODUCTS_DIR}/SwiftKeychainWrapper/SwiftKeychainWrapper.framework",
				"${BUILT_PRODUCTS_DIR}/SwiftValidator/SwiftValidator.framework",
			);
			name = "[CP] Embed Pods Frameworks";
			outputPaths = (
				"${TARGET_BUILD_DIR}/${FRAMEWORKS_FOLDER_PATH}/Alamofire.framework",
				"${TARGET_BUILD_DIR}/${FRAMEWORKS_FOLDER_PATH}/AlamofireObjectMapper.framework",
				"${TARGET_BUILD_DIR}/${FRAMEWORKS_FOLDER_PATH}/JWTDecode.framework",
				"${TARGET_BUILD_DIR}/${FRAMEWORKS_FOLDER_PATH}/ObjectMapper.framework",
				"${TARGET_BUILD_DIR}/${FRAMEWORKS_FOLDER_PATH}/SwiftKeychainWrapper.framework",
				"${TARGET_BUILD_DIR}/${FRAMEWORKS_FOLDER_PATH}/SwiftValidator.framework",
			);
			runOnlyForDeploymentPostprocessing = 0;
			shellPath = /bin/sh;
			shellScript = "\"${SRCROOT}/Pods/Target Support Files/Pods-mailinglist/Pods-mailinglist-frameworks.sh\"\n";
			showEnvVarsInLog = 0;
		};
/* End PBXShellScriptBuildPhase section */

/* Begin PBXSourcesBuildPhase section */
		C7AA3DE720D6F43800A44D7E /* Sources */ = {
			isa = PBXSourcesBuildPhase;
			buildActionMask = 2147483647;
			files = (
				C7BC0FAE20DC7E7A00F70BE2 /* RolesResponse.swift in Sources */,
				C7AA3E0B20D742A100A44D7E /* LoginPresenter.swift in Sources */,
				C7BC0FB520DCA78000F70BE2 /* RoleResponse.swift in Sources */,
				C7BC0FA320DB319400F70BE2 /* Role.swift in Sources */,
				C7AA3E0420D6F60500A44D7E /* LoginViewController.swift in Sources */,
				C7AA3E0F20D74BFF00A44D7E /* GetAuth.swift in Sources */,
				C7BC0F9820DA09E000F70BE2 /* GetUser.swift in Sources */,
				C7BC0FA720DB453D00F70BE2 /* RoleContract.swift in Sources */,
				C7AA3E1C20D75CE800A44D7E /* LoginRemoteRepositoryImpl.swift in Sources */,
				C7BC0F9420D9EF7400F70BE2 /* UserLocalRepositoryImpl.swift in Sources */,
				C7AA3DF720D6F43800A44D7E /* mailinglist.xcdatamodeld in Sources */,
				C7AA3E1A20D75C8300A44D7E /* Auth.swift in Sources */,
				C7BC0F9C20DB2F9D00F70BE2 /* RoleTableViewController.swift in Sources */,
				C7BC0FB120DC8DBB00F70BE2 /* WeatherResponse.swift in Sources */,
				C7AA3DEF20D6F43800A44D7E /* AppDelegate.swift in Sources */,
				C7BC0F9E20DB2FC400F70BE2 /* GetRoles.swift in Sources */,
				C7BC0F9620D9F59F00F70BE2 /* InjectionLocalRepository.swift in Sources */,
				C7BC0F8F20D9EEE300F70BE2 /* SaveUser.swift in Sources */,
				C7BC0FA920DB4DF900F70BE2 /* RolePresenter.swift in Sources */,
				C7BC0FA520DB37DF00F70BE2 /* RoleRemoteRepositoryImpl.swift in Sources */,
				F401E75820D96C6B006D5047 /* InjectionRemoteRepository.swift in Sources */,
				C7BC0FA120DB303F00F70BE2 /* RoleRemoteRepository.swift in Sources */,
				C7AA3E0D20D7443500A44D7E /* LoginContract.swift in Sources */,
				C7AA3E1E20D75E7900A44D7E /* Constants.swift in Sources */,
				C7BC0FB720DDBC6C00F70BE2 /* saveRole.swift in Sources */,
				C7BC0F8920D9EC8D00F70BE2 /* ViewController+CoreData.swift in Sources */,
				F401E75620D96B52006D5047 /* InjectionUseCase.swift in Sources */,
				C7BC0F9220D9EF3200F70BE2 /* UserLocalRepository.swift in Sources */,
				F401E75E20D973C9006D5047 /* LoginRemoteRepository.swift in Sources */,
			);
			runOnlyForDeploymentPostprocessing = 0;
		};
/* End PBXSourcesBuildPhase section */

/* Begin PBXVariantGroup section */
		C7AA3DF220D6F43800A44D7E /* Main.storyboard */ = {
			isa = PBXVariantGroup;
			children = (
				C7AA3DF320D6F43800A44D7E /* Base */,
			);
			name = Main.storyboard;
			sourceTree = "<group>";
		};
		C7AA3DFA20D6F43B00A44D7E /* LaunchScreen.storyboard */ = {
			isa = PBXVariantGroup;
			children = (
				C7AA3DFB20D6F43B00A44D7E /* Base */,
			);
			name = LaunchScreen.storyboard;
			sourceTree = "<group>";
		};
/* End PBXVariantGroup section */

/* Begin XCBuildConfiguration section */
		C7AA3DFE20D6F43B00A44D7E /* Debug */ = {
			isa = XCBuildConfiguration;
			buildSettings = {
				ALWAYS_SEARCH_USER_PATHS = NO;
				CLANG_ANALYZER_NONNULL = YES;
				CLANG_ANALYZER_NUMBER_OBJECT_CONVERSION = YES_AGGRESSIVE;
				CLANG_CXX_LANGUAGE_STANDARD = "gnu++14";
				CLANG_CXX_LIBRARY = "libc++";
				CLANG_ENABLE_MODULES = YES;
				CLANG_ENABLE_OBJC_ARC = YES;
				CLANG_ENABLE_OBJC_WEAK = YES;
				CLANG_WARN_BLOCK_CAPTURE_AUTORELEASING = YES;
				CLANG_WARN_BOOL_CONVERSION = YES;
				CLANG_WARN_COMMA = YES;
				CLANG_WARN_CONSTANT_CONVERSION = YES;
				CLANG_WARN_DEPRECATED_OBJC_IMPLEMENTATIONS = YES;
				CLANG_WARN_DIRECT_OBJC_ISA_USAGE = YES_ERROR;
				CLANG_WARN_DOCUMENTATION_COMMENTS = YES;
				CLANG_WARN_EMPTY_BODY = YES;
				CLANG_WARN_ENUM_CONVERSION = YES;
				CLANG_WARN_INFINITE_RECURSION = YES;
				CLANG_WARN_INT_CONVERSION = YES;
				CLANG_WARN_NON_LITERAL_NULL_CONVERSION = YES;
				CLANG_WARN_OBJC_IMPLICIT_RETAIN_SELF = YES;
				CLANG_WARN_OBJC_LITERAL_CONVERSION = YES;
				CLANG_WARN_OBJC_ROOT_CLASS = YES_ERROR;
				CLANG_WARN_RANGE_LOOP_ANALYSIS = YES;
				CLANG_WARN_STRICT_PROTOTYPES = YES;
				CLANG_WARN_SUSPICIOUS_MOVE = YES;
				CLANG_WARN_UNGUARDED_AVAILABILITY = YES_AGGRESSIVE;
				CLANG_WARN_UNREACHABLE_CODE = YES;
				CLANG_WARN__DUPLICATE_METHOD_MATCH = YES;
				CODE_SIGN_IDENTITY = "iPhone Developer";
				COPY_PHASE_STRIP = NO;
				DEBUG_INFORMATION_FORMAT = dwarf;
				ENABLE_STRICT_OBJC_MSGSEND = YES;
				ENABLE_TESTABILITY = YES;
				GCC_C_LANGUAGE_STANDARD = gnu11;
				GCC_DYNAMIC_NO_PIC = NO;
				GCC_NO_COMMON_BLOCKS = YES;
				GCC_OPTIMIZATION_LEVEL = 0;
				GCC_PREPROCESSOR_DEFINITIONS = (
					"DEBUG=1",
					"$(inherited)",
				);
				GCC_WARN_64_TO_32_BIT_CONVERSION = YES;
				GCC_WARN_ABOUT_RETURN_TYPE = YES_ERROR;
				GCC_WARN_UNDECLARED_SELECTOR = YES;
				GCC_WARN_UNINITIALIZED_AUTOS = YES_AGGRESSIVE;
				GCC_WARN_UNUSED_FUNCTION = YES;
				GCC_WARN_UNUSED_VARIABLE = YES;
				IPHONEOS_DEPLOYMENT_TARGET = 11.3;
				MTL_ENABLE_DEBUG_INFO = YES;
				ONLY_ACTIVE_ARCH = YES;
				SDKROOT = iphoneos;
				SWIFT_ACTIVE_COMPILATION_CONDITIONS = DEBUG;
				SWIFT_OPTIMIZATION_LEVEL = "-Onone";
			};
			name = Debug;
		};
		C7AA3DFF20D6F43B00A44D7E /* Release */ = {
			isa = XCBuildConfiguration;
			buildSettings = {
				ALWAYS_SEARCH_USER_PATHS = NO;
				CLANG_ANALYZER_NONNULL = YES;
				CLANG_ANALYZER_NUMBER_OBJECT_CONVERSION = YES_AGGRESSIVE;
				CLANG_CXX_LANGUAGE_STANDARD = "gnu++14";
				CLANG_CXX_LIBRARY = "libc++";
				CLANG_ENABLE_MODULES = YES;
				CLANG_ENABLE_OBJC_ARC = YES;
				CLANG_ENABLE_OBJC_WEAK = YES;
				CLANG_WARN_BLOCK_CAPTURE_AUTORELEASING = YES;
				CLANG_WARN_BOOL_CONVERSION = YES;
				CLANG_WARN_COMMA = YES;
				CLANG_WARN_CONSTANT_CONVERSION = YES;
				CLANG_WARN_DEPRECATED_OBJC_IMPLEMENTATIONS = YES;
				CLANG_WARN_DIRECT_OBJC_ISA_USAGE = YES_ERROR;
				CLANG_WARN_DOCUMENTATION_COMMENTS = YES;
				CLANG_WARN_EMPTY_BODY = YES;
				CLANG_WARN_ENUM_CONVERSION = YES;
				CLANG_WARN_INFINITE_RECURSION = YES;
				CLANG_WARN_INT_CONVERSION = YES;
				CLANG_WARN_NON_LITERAL_NULL_CONVERSION = YES;
				CLANG_WARN_OBJC_IMPLICIT_RETAIN_SELF = YES;
				CLANG_WARN_OBJC_LITERAL_CONVERSION = YES;
				CLANG_WARN_OBJC_ROOT_CLASS = YES_ERROR;
				CLANG_WARN_RANGE_LOOP_ANALYSIS = YES;
				CLANG_WARN_STRICT_PROTOTYPES = YES;
				CLANG_WARN_SUSPICIOUS_MOVE = YES;
				CLANG_WARN_UNGUARDED_AVAILABILITY = YES_AGGRESSIVE;
				CLANG_WARN_UNREACHABLE_CODE = YES;
				CLANG_WARN__DUPLICATE_METHOD_MATCH = YES;
				CODE_SIGN_IDENTITY = "iPhone Developer";
				COPY_PHASE_STRIP = NO;
				DEBUG_INFORMATION_FORMAT = "dwarf-with-dsym";
				ENABLE_NS_ASSERTIONS = NO;
				ENABLE_STRICT_OBJC_MSGSEND = YES;
				GCC_C_LANGUAGE_STANDARD = gnu11;
				GCC_NO_COMMON_BLOCKS = YES;
				GCC_WARN_64_TO_32_BIT_CONVERSION = YES;
				GCC_WARN_ABOUT_RETURN_TYPE = YES_ERROR;
				GCC_WARN_UNDECLARED_SELECTOR = YES;
				GCC_WARN_UNINITIALIZED_AUTOS = YES_AGGRESSIVE;
				GCC_WARN_UNUSED_FUNCTION = YES;
				GCC_WARN_UNUSED_VARIABLE = YES;
				IPHONEOS_DEPLOYMENT_TARGET = 11.3;
				MTL_ENABLE_DEBUG_INFO = NO;
				SDKROOT = iphoneos;
				SWIFT_COMPILATION_MODE = wholemodule;
				SWIFT_OPTIMIZATION_LEVEL = "-O";
				VALIDATE_PRODUCT = YES;
			};
			name = Release;
		};
		C7AA3E0120D6F43B00A44D7E /* Debug */ = {
			isa = XCBuildConfiguration;
			baseConfigurationReference = 7150690E9EFFEF62448AA51D /* Pods-mailinglist.debug.xcconfig */;
			buildSettings = {
				ASSETCATALOG_COMPILER_APPICON_NAME = AppIcon;
				CODE_SIGN_STYLE = Automatic;
				DEVELOPMENT_TEAM = MJTHZTUYQT;
				INFOPLIST_FILE = mailinglist/Info.plist;
				LD_RUNPATH_SEARCH_PATHS = (
					"$(inherited)",
					"@executable_path/Frameworks",
				);
				PRODUCT_BUNDLE_IDENTIFIER = angelorobson.mailinglist;
				PRODUCT_NAME = "$(TARGET_NAME)";
				SWIFT_VERSION = 4.0;
				TARGETED_DEVICE_FAMILY = "1,2";
			};
			name = Debug;
		};
		C7AA3E0220D6F43B00A44D7E /* Release */ = {
			isa = XCBuildConfiguration;
			baseConfigurationReference = D0EAD410BA1E024D31E0D552 /* Pods-mailinglist.release.xcconfig */;
			buildSettings = {
				ASSETCATALOG_COMPILER_APPICON_NAME = AppIcon;
				CODE_SIGN_STYLE = Automatic;
				DEVELOPMENT_TEAM = MJTHZTUYQT;
				INFOPLIST_FILE = mailinglist/Info.plist;
				LD_RUNPATH_SEARCH_PATHS = (
					"$(inherited)",
					"@executable_path/Frameworks",
				);
				PRODUCT_BUNDLE_IDENTIFIER = angelorobson.mailinglist;
				PRODUCT_NAME = "$(TARGET_NAME)";
				SWIFT_VERSION = 4.0;
				TARGETED_DEVICE_FAMILY = "1,2";
			};
			name = Release;
		};
/* End XCBuildConfiguration section */

/* Begin XCConfigurationList section */
		C7AA3DE620D6F43800A44D7E /* Build configuration list for PBXProject "mailinglist" */ = {
			isa = XCConfigurationList;
			buildConfigurations = (
				C7AA3DFE20D6F43B00A44D7E /* Debug */,
				C7AA3DFF20D6F43B00A44D7E /* Release */,
			);
			defaultConfigurationIsVisible = 0;
			defaultConfigurationName = Release;
		};
		C7AA3E0020D6F43B00A44D7E /* Build configuration list for PBXNativeTarget "mailinglist" */ = {
			isa = XCConfigurationList;
			buildConfigurations = (
				C7AA3E0120D6F43B00A44D7E /* Debug */,
				C7AA3E0220D6F43B00A44D7E /* Release */,
			);
			defaultConfigurationIsVisible = 0;
			defaultConfigurationName = Release;
		};
/* End XCConfigurationList section */

/* Begin XCVersionGroup section */
		C7AA3DF520D6F43800A44D7E /* mailinglist.xcdatamodeld */ = {
			isa = XCVersionGroup;
			children = (
				C7AA3DF620D6F43800A44D7E /* mailinglist.xcdatamodel */,
			);
			currentVersion = C7AA3DF620D6F43800A44D7E /* mailinglist.xcdatamodel */;
			path = mailinglist.xcdatamodeld;
			sourceTree = "<group>";
			versionGroupType = wrapper.xcdatamodel;
		};
/* End XCVersionGroup section */
	};
	rootObject = C7AA3DE320D6F43800A44D7E /* Project object */;
}
